
Microsoft Visual Studio Solution File, Format Version 12.00
# Visual Studio Version 16
VisualStudioVersion = 16.0.29521.150
MinimumVisualStudioVersion = 10.0.40219.1
Project("{FAE04EC0-301F-11D3-BF4B-00C04F79EFBC}") = "BlazorApp27", "BlazorApp27.csproj", "{1E1B90A8-0B98-4686-A1E2-F3B8B2B22D84}"
EndProject
Global
	GlobalSection(SolutionConfigurationPlatforms) = preSolution
		Debug|Any CPU = Debug|Any CPU
		Release|Any CPU = Release|Any CPU
	EndGlobalSection
	GlobalSection(ProjectConfigurationPlatforms) = postSolution
		{1E1B90A8-0B98-4686-A1E2-F3B8B2B22D84}.Debug|Any CPU.ActiveCfg = Debug|Any CPU
		{1E1B90A8-0B98-4686-A1E2-F3B8B2B22D84}.Debug|Any CPU.Build.0 = Debug|Any CPU
		{1E1B90A8-0B98-4686-A1E2-F3B8B2B22D84}.Release|Any CPU.ActiveCfg = Release|Any CPU
		{1E1B90A8-0B98-4686-A1E2-F3B8B2B22D84}.Release|Any CPU.Build.0 = Release|Any CPU
	EndGlobalSection
	GlobalSection(SolutionProperties) = preSolution
		HideSolutionNode = FALSE
	EndGlobalSection
	GlobalSection(ExtensibilityGlobals) = postSolution
		SolutionGuid = {B0AD6110-34E5-47A6-8EDA-01811288275B}
	EndGlobalSection
EndGlobal
