
Microsoft Visual Studio Solution File, Format Version 12.00
# Visual Studio Version 16
VisualStudioVersion = 16.0.29521.150
MinimumVisualStudioVersion = 10.0.40219.1
Project("{FAE04EC0-301F-11D3-BF4B-00C04F79EFBC}") = "blazor-sample-app", "blazor-sample-app\blazor-sample-app.csproj", "{914F378B-78AF-4905-A7CC-54849C9E6C3A}"
EndProject
Global
	GlobalSection(SolutionConfigurationPlatforms) = preSolution
		Debug|Any CPU = Debug|Any CPU
		Release|Any CPU = Release|Any CPU
	EndGlobalSection
	GlobalSection(ProjectConfigurationPlatforms) = postSolution
		{914F378B-78AF-4905-A7CC-54849C9E6C3A}.Debug|Any CPU.ActiveCfg = Debug|Any CPU
		{914F378B-78AF-4905-A7CC-54849C9E6C3A}.Debug|Any CPU.Build.0 = Debug|Any CPU
		{914F378B-78AF-4905-A7CC-54849C9E6C3A}.Release|Any CPU.ActiveCfg = Release|Any CPU
		{914F378B-78AF-4905-A7CC-54849C9E6C3A}.Release|Any CPU.Build.0 = Release|Any CPU
	EndGlobalSection
	GlobalSection(SolutionProperties) = preSolution
		HideSolutionNode = FALSE
	EndGlobalSection
	GlobalSection(ExtensibilityGlobals) = postSolution
		SolutionGuid = {B0AD6110-34E5-47A6-8EDA-01811288275B}
	EndGlobalSection
EndGlobal
